{
  "name": "vue2-leaflet-polylinedecorator",
  "version": "2.0.1",
  "lockfileVersion": 1,
  "requires": true,
  "dependencies": {
    "leaflet-polylinedecorator": {
      "version": "1.6.0",
      "resolved": "https://registry.npmjs.org/leaflet-polylinedecorator/-/leaflet-polylinedecorator-1.6.0.tgz",
      "integrity": "sha1-nvef0bUwLWe3Lv6Vmo7NJVPycmY=",
      "requires": {
        "leaflet-rotatedmarker": "^0.2.0"
      }
    },
    "leaflet-rotatedmarker": {
      "version": "0.2.0",
      "resolved": "https://registry.npmjs.org/leaflet-rotatedmarker/-/leaflet-rotatedmarker-0.2.0.tgz",
      "integrity": "sha1-RGf0n5jRv9VpWb2cZwUgPdJgEnc="
    }
  }
}
